
Microsoft Visual Studio Solution File, Format Version 12.00
# Visual Studio 2012
Project("{CC5FD16D-436D-48AD-A40C-5A424C6E3E79}") = "BodyShopsLocater", "BodyShopsLocater\BodyShopsLocater.ccproj", "{0648C505-E563-4D6A-814B-F82535DE9197}"
EndProject
Project("{FAE04EC0-301F-11D3-BF4B-00C04F79EFBC}") = "BodyShopsApp", "BodyShopsApp\BodyShopsApp.csproj", "{39AE5706-CE59-4E48-B1D8-73BBD4A7AD20}"
EndProject
Project("{FAE04EC0-301F-11D3-BF4B-00C04F79EFBC}") = "BodyShopsWebApi", "BodyShopsWebApi\BodyShopsWebApi.csproj", "{5C606D33-1A53-4CF3-9DCA-2EA184E8F85D}"
EndProject
Global
	GlobalSection(SolutionConfigurationPlatforms) = preSolution
		Debug|Any CPU = Debug|Any CPU
		Release|Any CPU = Release|Any CPU
	EndGlobalSection
	GlobalSection(ProjectConfigurationPlatforms) = postSolution
		{0648C505-E563-4D6A-814B-F82535DE9197}.Debug|Any CPU.ActiveCfg = Debug|Any CPU
		{0648C505-E563-4D6A-814B-F82535DE9197}.Debug|Any CPU.Build.0 = Debug|Any CPU
		{0648C505-E563-4D6A-814B-F82535DE9197}.Release|Any CPU.ActiveCfg = Release|Any CPU
		{0648C505-E563-4D6A-814B-F82535DE9197}.Release|Any CPU.Build.0 = Release|Any CPU
		{39AE5706-CE59-4E48-B1D8-73BBD4A7AD20}.Debug|Any CPU.ActiveCfg = Debug|Any CPU
		{39AE5706-CE59-4E48-B1D8-73BBD4A7AD20}.Debug|Any CPU.Build.0 = Debug|Any CPU
		{39AE5706-CE59-4E48-B1D8-73BBD4A7AD20}.Release|Any CPU.ActiveCfg = Release|Any CPU
		{39AE5706-CE59-4E48-B1D8-73BBD4A7AD20}.Release|Any CPU.Build.0 = Release|Any CPU
		{5C606D33-1A53-4CF3-9DCA-2EA184E8F85D}.Debug|Any CPU.ActiveCfg = Debug|Any CPU
		{5C606D33-1A53-4CF3-9DCA-2EA184E8F85D}.Debug|Any CPU.Build.0 = Debug|Any CPU
		{5C606D33-1A53-4CF3-9DCA-2EA184E8F85D}.Release|Any CPU.ActiveCfg = Release|Any CPU
		{5C606D33-1A53-4CF3-9DCA-2EA184E8F85D}.Release|Any CPU.Build.0 = Release|Any CPU
	EndGlobalSection
	GlobalSection(SolutionProperties) = preSolution
		HideSolutionNode = FALSE
	EndGlobalSection
EndGlobal
